// !$*UTF8*$!
{
	archiveVersion = 1;
	classes = {
	};
	objectVersion = 46;
	objects = {

/* Begin PBXBuildFile section */
		0407CA80173A0DB50007812A /* updateInfo in Resources */ = {isa = PBXBuildFile; fileRef = 0407CA7F173A0DB50007812A /* updateInfo */; };
		0471F6F4173531B000C13F19 /* WeiboCell.xib in Resources */ = {isa = PBXBuildFile; fileRef = 0471F6F3173531B000C13F19 /* WeiboCell.xib */; };
		0471F6FA17353A2500C13F19 /* WeiboCell.m in Sources */ = {isa = PBXBuildFile; fileRef = 0471F6F917353A2500C13F19 /* WeiboCell.m */; };
		047972481734DC5400A8400A /* UIKit.framework in Frameworks */ = {isa = PBXBuildFile; fileRef = 047972471734DC5400A8400A /* UIKit.framework */; };
		0479724A1734DC5400A8400A /* Foundation.framework in Frameworks */ = {isa = PBXBuildFile; fileRef = 047972491734DC5400A8400A /* Foundation.framework */; };
		0479724C1734DC5400A8400A /* CoreGraphics.framework in Frameworks */ = {isa = PBXBuildFile; fileRef = 0479724B1734DC5400A8400A /* CoreGraphics.framework */; };
		047972521734DC5400A8400A /* InfoPlist.strings in Resources */ = {isa = PBXBuildFile; fileRef = 047972501734DC5400A8400A /* InfoPlist.strings */; };
		047972541734DC5400A8400A /* main.m in Sources */ = {isa = PBXBuildFile; fileRef = 047972531734DC5400A8400A /* main.m */; };
		0479725A1734DC5500A8400A /* Default.png in Resources */ = {isa = PBXBuildFile; fileRef = 047972591734DC5500A8400A /* Default.png */; };
		0479725C1734DC5500A8400A /* Default@2x.png in Resources */ = {isa = PBXBuildFile; fileRef = 0479725B1734DC5500A8400A /* Default@2x.png */; };
		0479725E1734DC5500A8400A /* Default-568h@2x.png in Resources */ = {isa = PBXBuildFile; fileRef = 0479725D1734DC5500A8400A /* Default-568h@2x.png */; };
		0479727D1734DD9000A8400A /* button_background.png in Resources */ = {isa = PBXBuildFile; fileRef = 047972771734DD9000A8400A /* button_background.png */; };
		0479727E1734DD9000A8400A /* button_background@2x.png in Resources */ = {isa = PBXBuildFile; fileRef = 047972781734DD9000A8400A /* button_background@2x.png */; };
		0479727F1734DD9000A8400A /* button_background_disabled.png in Resources */ = {isa = PBXBuildFile; fileRef = 047972791734DD9000A8400A /* button_background_disabled.png */; };
		047972801734DD9000A8400A /* button_background_disabled@2x.png in Resources */ = {isa = PBXBuildFile; fileRef = 0479727A1734DD9000A8400A /* button_background_disabled@2x.png */; };
		047972811734DD9000A8400A /* logo.png in Resources */ = {isa = PBXBuildFile; fileRef = 0479727B1734DD9000A8400A /* logo.png */; };
		047972821734DD9000A8400A /* logo@2x.png in Resources */ = {isa = PBXBuildFile; fileRef = 0479727C1734DD9000A8400A /* logo@2x.png */; };
		047972881734DEC500A8400A /* SNAppDelegate.m in Sources */ = {isa = PBXBuildFile; fileRef = 047972871734DEC500A8400A /* SNAppDelegate.m */; };
		04D0C8C9173742C900CA7057 /* edit.png in Resources */ = {isa = PBXBuildFile; fileRef = 04D0C8C8173742C900CA7057 /* edit.png */; };
		04D0C8CB1737444500CA7057 /* headphoto.png in Resources */ = {isa = PBXBuildFile; fileRef = 04D0C8CA1737444500CA7057 /* headphoto.png */; };
		04D0C8D1173753F900CA7057 /* PostViewController.m in Sources */ = {isa = PBXBuildFile; fileRef = 04D0C8D0173753F900CA7057 /* PostViewController.m */; };
		04D0C8D317375BF400CA7057 /* PostViewController.xib in Resources */ = {isa = PBXBuildFile; fileRef = 04D0C8D217375BF400CA7057 /* PostViewController.xib */; };
		04DD4A3F1736876D0087A231 /* fenge.png in Resources */ = {isa = PBXBuildFile; fileRef = 04DD4A3E1736876D0087A231 /* fenge.png */; };
		04DD4A4217368B7F0087A231 /* Status.m in Sources */ = {isa = PBXBuildFile; fileRef = 04DD4A4117368B7F0087A231 /* Status.m */; };
		04DD4A4517368E140087A231 /* SNNetAccess.m in Sources */ = {isa = PBXBuildFile; fileRef = 04DD4A4417368E140087A231 /* SNNetAccess.m */; };
		04DD4A4817369B130087A231 /* MainViewController.m in Sources */ = {isa = PBXBuildFile; fileRef = 04DD4A4717369B130087A231 /* MainViewController.m */; };
		04DD4A4B17369B400087A231 /* CategoryViewController.m in Sources */ = {isa = PBXBuildFile; fileRef = 04DD4A4A17369B400087A231 /* CategoryViewController.m */; };
		04DD4A4E17369B5D0087A231 /* DisplayViewController.m in Sources */ = {isa = PBXBuildFile; fileRef = 04DD4A4D17369B5D0087A231 /* DisplayViewController.m */; };
		04EB0CF01737F91100688D30 /* FDTakeController.m in Sources */ = {isa = PBXBuildFile; fileRef = 04EB0CEF1737F91100688D30 /* FDTakeController.m */; };
		04EB0CF21737FA6800688D30 /* MobileCoreServices.framework in Frameworks */ = {isa = PBXBuildFile; fileRef = 04EB0CF11737FA6800688D30 /* MobileCoreServices.framework */; };
		04EB0D001738093500688D30 /* JSONKit.m in Sources */ = {isa = PBXBuildFile; fileRef = 04EB0CF61738093500688D30 /* JSONKit.m */; };
		04EB0D011738093500688D30 /* SinaWeibo.bundle in Resources */ = {isa = PBXBuildFile; fileRef = 04EB0CF81738093500688D30 /* SinaWeibo.bundle */; };
		04EB0D021738093500688D30 /* SinaWeibo.m in Sources */ = {isa = PBXBuildFile; fileRef = 04EB0CFA1738093500688D30 /* SinaWeibo.m */; };
		04EB0D031738093500688D30 /* SinaWeiboAuthorizeView.m in Sources */ = {isa = PBXBuildFile; fileRef = 04EB0CFC1738093500688D30 /* SinaWeiboAuthorizeView.m */; };
		04EB0D041738093500688D30 /* SinaWeiboRequest.m in Sources */ = {isa = PBXBuildFile; fileRef = 04EB0CFF1738093500688D30 /* SinaWeiboRequest.m */; };
		04EBBDFC17361AE10075A715 /* sub.png in Resources */ = {isa = PBXBuildFile; fileRef = 04EBBDFB17361AE10075A715 /* sub.png */; };
		04EBBDFE173628E60075A715 /* QuartzCore.framework in Frameworks */ = {isa = PBXBuildFile; fileRef = 04EBBDFD173628E60075A715 /* QuartzCore.framework */; };
/* End PBXBuildFile section */

/* Begin PBXFileReference section */
		0407CA7F173A0DB50007812A /* updateInfo */ = {isa = PBXFileReference; fileEncoding = 4; lastKnownFileType = text; path = updateInfo; sourceTree = "<group>"; };
		0471F6F3173531B000C13F19 /* WeiboCell.xib */ = {isa = PBXFileReference; fileEncoding = 4; lastKnownFileType = file.xib; path = WeiboCell.xib; sourceTree = "<group>"; };
		0471F6F817353A2500C13F19 /* WeiboCell.h */ = {isa = PBXFileReference; fileEncoding = 4; lastKnownFileType = sourcecode.c.h; path = WeiboCell.h; sourceTree = "<group>"; };
		0471F6F917353A2500C13F19 /* WeiboCell.m */ = {isa = PBXFileReference; fileEncoding = 4; lastKnownFileType = sourcecode.c.objc; path = WeiboCell.m; sourceTree = "<group>"; };
		047972441734DC5400A8400A /* WeiboTest.app */ = {isa = PBXFileReference; explicitFileType = wrapper.application; includeInIndex = 0; path = WeiboTest.app; sourceTree = BUILT_PRODUCTS_DIR; };
		047972471734DC5400A8400A /* UIKit.framework */ = {isa = PBXFileReference; lastKnownFileType = wrapper.framework; name = UIKit.framework; path = System/Library/Frameworks/UIKit.framework; sourceTree = SDKROOT; };
		047972491734DC5400A8400A /* Foundation.framework */ = {isa = PBXFileReference; lastKnownFileType = wrapper.framework; name = Foundation.framework; path = System/Library/Frameworks/Foundation.framework; sourceTree = SDKROOT; };
		0479724B1734DC5400A8400A /* CoreGraphics.framework */ = {isa = PBXFileReference; lastKnownFileType = wrapper.framework; name = CoreGraphics.framework; path = System/Library/Frameworks/CoreGraphics.framework; sourceTree = SDKROOT; };
		0479724F1734DC5400A8400A /* WeiboTest-Info.plist */ = {isa = PBXFileReference; lastKnownFileType = text.plist.xml; path = "WeiboTest-Info.plist"; sourceTree = "<group>"; };
		047972511734DC5400A8400A /* en */ = {isa = PBXFileReference; lastKnownFileType = text.plist.strings; name = en; path = en.lproj/InfoPlist.strings; sourceTree = "<group>"; };
		047972531734DC5400A8400A /* main.m */ = {isa = PBXFileReference; lastKnownFileType = sourcecode.c.objc; path = main.m; sourceTree = "<group>"; };
		047972551734DC5400A8400A /* WeiboTest-Prefix.pch */ = {isa = PBXFileReference; lastKnownFileType = sourcecode.c.h; path = "WeiboTest-Prefix.pch"; sourceTree = "<group>"; };
		047972591734DC5500A8400A /* Default.png */ = {isa = PBXFileReference; lastKnownFileType = image.png; path = Default.png; sourceTree = "<group>"; };
		0479725B1734DC5500A8400A /* Default@2x.png */ = {isa = PBXFileReference; lastKnownFileType = image.png; path = "Default@2x.png"; sourceTree = "<group>"; };
		0479725D1734DC5500A8400A /* Default-568h@2x.png */ = {isa = PBXFileReference; lastKnownFileType = image.png; path = "Default-568h@2x.png"; sourceTree = "<group>"; };
		047972771734DD9000A8400A /* button_background.png */ = {isa = PBXFileReference; lastKnownFileType = image.png; path = button_background.png; sourceTree = "<group>"; };
		047972781734DD9000A8400A /* button_background@2x.png */ = {isa = PBXFileReference; lastKnownFileType = image.png; path = "button_background@2x.png"; sourceTree = "<group>"; };
		047972791734DD9000A8400A /* button_background_disabled.png */ = {isa = PBXFileReference; lastKnownFileType = image.png; path = button_background_disabled.png; sourceTree = "<group>"; };
		0479727A1734DD9000A8400A /* button_background_disabled@2x.png */ = {isa = PBXFileReference; lastKnownFileType = image.png; path = "button_background_disabled@2x.png"; sourceTree = "<group>"; };
		0479727B1734DD9000A8400A /* logo.png */ = {isa = PBXFileReference; lastKnownFileType = image.png; path = logo.png; sourceTree = "<group>"; };
		0479727C1734DD9000A8400A /* logo@2x.png */ = {isa = PBXFileReference; lastKnownFileType = image.png; path = "logo@2x.png"; sourceTree = "<group>"; };
		047972861734DEC500A8400A /* SNAppDelegate.h */ = {isa = PBXFileReference; fileEncoding = 4; lastKnownFileType = sourcecode.c.h; path = SNAppDelegate.h; sourceTree = "<group>"; };
		047972871734DEC500A8400A /* SNAppDelegate.m */ = {isa = PBXFileReference; fileEncoding = 4; lastKnownFileType = sourcecode.c.objc; path = SNAppDelegate.m; sourceTree = "<group>"; };
		04D0C8C8173742C900CA7057 /* edit.png */ = {isa = PBXFileReference; lastKnownFileType = image.png; path = edit.png; sourceTree = "<group>"; };
		04D0C8CA1737444500CA7057 /* headphoto.png */ = {isa = PBXFileReference; lastKnownFileType = image.png; path = headphoto.png; sourceTree = "<group>"; };
		04D0C8CF173753F900CA7057 /* PostViewController.h */ = {isa = PBXFileReference; fileEncoding = 4; lastKnownFileType = sourcecode.c.h; path = PostViewController.h; sourceTree = "<group>"; };
		04D0C8D0173753F900CA7057 /* PostViewController.m */ = {isa = PBXFileReference; fileEncoding = 4; lastKnownFileType = sourcecode.c.objc; path = PostViewController.m; sourceTree = "<group>"; };
		04D0C8D217375BF400CA7057 /* PostViewController.xib */ = {isa = PBXFileReference; fileEncoding = 4; lastKnownFileType = file.xib; path = PostViewController.xib; sourceTree = "<group>"; };
		04DD4A3E1736876D0087A231 /* fenge.png */ = {isa = PBXFileReference; lastKnownFileType = image.png; path = fenge.png; sourceTree = "<group>"; };
		04DD4A4017368B7F0087A231 /* Status.h */ = {isa = PBXFileReference; fileEncoding = 4; lastKnownFileType = sourcecode.c.h; path = Status.h; sourceTree = "<group>"; };
		04DD4A4117368B7F0087A231 /* Status.m */ = {isa = PBXFileReference; fileEncoding = 4; lastKnownFileType = sourcecode.c.objc; path = Status.m; sourceTree = "<group>"; };
		04DD4A4317368E140087A231 /* SNNetAccess.h */ = {isa = PBXFileReference; fileEncoding = 4; lastKnownFileType = sourcecode.c.h; path = SNNetAccess.h; sourceTree = "<group>"; };
		04DD4A4417368E140087A231 /* SNNetAccess.m */ = {isa = PBXFileReference; fileEncoding = 4; lastKnownFileType = sourcecode.c.objc; path = SNNetAccess.m; sourceTree = "<group>"; };
		04DD4A4617369B120087A231 /* MainViewController.h */ = {isa = PBXFileReference; fileEncoding = 4; lastKnownFileType = sourcecode.c.h; path = MainViewController.h; sourceTree = "<group>"; };
		04DD4A4717369B130087A231 /* MainViewController.m */ = {isa = PBXFileReference; fileEncoding = 4; lastKnownFileType = sourcecode.c.objc; path = MainViewController.m; sourceTree = "<group>"; };
		04DD4A4917369B400087A231 /* CategoryViewController.h */ = {isa = PBXFileReference; fileEncoding = 4; lastKnownFileType = sourcecode.c.h; path = CategoryViewController.h; sourceTree = "<group>"; };
		04DD4A4A17369B400087A231 /* CategoryViewController.m */ = {isa = PBXFileReference; fileEncoding = 4; lastKnownFileType = sourcecode.c.objc; path = CategoryViewController.m; sourceTree = "<group>"; };
		04DD4A4C17369B5D0087A231 /* DisplayViewController.h */ = {isa = PBXFileReference; fileEncoding = 4; lastKnownFileType = sourcecode.c.h; path = DisplayViewController.h; sourceTree = "<group>"; };
		04DD4A4D17369B5D0087A231 /* DisplayViewController.m */ = {isa = PBXFileReference; fileEncoding = 4; lastKnownFileType = sourcecode.c.objc; path = DisplayViewController.m; sourceTree = "<group>"; };
		04EB0CEE1737F91100688D30 /* FDTakeController.h */ = {isa = PBXFileReference; fileEncoding = 4; lastKnownFileType = sourcecode.c.h; path = FDTakeController.h; sourceTree = "<group>"; };
		04EB0CEF1737F91100688D30 /* FDTakeController.m */ = {isa = PBXFileReference; fileEncoding = 4; lastKnownFileType = sourcecode.c.objc; path = FDTakeController.m; sourceTree = "<group>"; };
		04EB0CF11737FA6800688D30 /* MobileCoreServices.framework */ = {isa = PBXFileReference; lastKnownFileType = wrapper.framework; name = MobileCoreServices.framework; path = System/Library/Frameworks/MobileCoreServices.framework; sourceTree = SDKROOT; };
		04EB0CF51738093500688D30 /* JSONKit.h */ = {isa = PBXFileReference; fileEncoding = 4; lastKnownFileType = sourcecode.c.h; path = JSONKit.h; sourceTree = "<group>"; };
		04EB0CF61738093500688D30 /* JSONKit.m */ = {isa = PBXFileReference; fileEncoding = 4; lastKnownFileType = sourcecode.c.objc; path = JSONKit.m; sourceTree = "<group>"; };
		04EB0CF81738093500688D30 /* SinaWeibo.bundle */ = {isa = PBXFileReference; lastKnownFileType = "wrapper.plug-in"; path = SinaWeibo.bundle; sourceTree = "<group>"; };
		04EB0CF91738093500688D30 /* SinaWeibo.h */ = {isa = PBXFileReference; fileEncoding = 4; lastKnownFileType = sourcecode.c.h; path = SinaWeibo.h; sourceTree = "<group>"; };
		04EB0CFA1738093500688D30 /* SinaWeibo.m */ = {isa = PBXFileReference; fileEncoding = 4; lastKnownFileType = sourcecode.c.objc; path = SinaWeibo.m; sourceTree = "<group>"; };
		04EB0CFB1738093500688D30 /* SinaWeiboAuthorizeView.h */ = {isa = PBXFileReference; fileEncoding = 4; lastKnownFileType = sourcecode.c.h; path = SinaWeiboAuthorizeView.h; sourceTree = "<group>"; };
		04EB0CFC1738093500688D30 /* SinaWeiboAuthorizeView.m */ = {isa = PBXFileReference; fileEncoding = 4; lastKnownFileType = sourcecode.c.objc; path = SinaWeiboAuthorizeView.m; sourceTree = "<group>"; };
		04EB0CFD1738093500688D30 /* SinaWeiboConstants.h */ = {isa = PBXFileReference; fileEncoding = 4; lastKnownFileType = sourcecode.c.h; path = SinaWeiboConstants.h; sourceTree = "<group>"; };
		04EB0CFE1738093500688D30 /* SinaWeiboRequest.h */ = {isa = PBXFileReference; fileEncoding = 4; lastKnownFileType = sourcecode.c.h; path = SinaWeiboRequest.h; sourceTree = "<group>"; };
		04EB0CFF1738093500688D30 /* SinaWeiboRequest.m */ = {isa = PBXFileReference; fileEncoding = 4; lastKnownFileType = sourcecode.c.objc; path = SinaWeiboRequest.m; sourceTree = "<group>"; };
		04EBBDFB17361AE10075A715 /* sub.png */ = {isa = PBXFileReference; lastKnownFileType = image.png; path = sub.png; sourceTree = "<group>"; };
		04EBBDFD173628E60075A715 /* QuartzCore.framework */ = {isa = PBXFileReference; lastKnownFileType = wrapper.framework; name = QuartzCore.framework; path = System/Library/Frameworks/QuartzCore.framework; sourceTree = SDKROOT; };
/* End PBXFileReference section */

/* Begin PBXFrameworksBuildPhase section */
		047972411734DC5400A8400A /* Frameworks */ = {
			isa = PBXFrameworksBuildPhase;
			buildActionMask = 2147483647;
			files = (
				04EB0CF21737FA6800688D30 /* MobileCoreServices.framework in Frameworks */,
				04EBBDFE173628E60075A715 /* QuartzCore.framework in Frameworks */,
				047972481734DC5400A8400A /* UIKit.framework in Frameworks */,
				0479724A1734DC5400A8400A /* Foundation.framework in Frameworks */,
				0479724C1734DC5400A8400A /* CoreGraphics.framework in Frameworks */,
			);
			runOnlyForDeploymentPostprocessing = 0;
		};
/* End PBXFrameworksBuildPhase section */

/* Begin PBXGroup section */
		0479723B1734DC5400A8400A = {
			isa = PBXGroup;
			children = (
				0407CA7F173A0DB50007812A /* updateInfo */,
				047972761734DD9000A8400A /* Resources */,
				0479724D1734DC5400A8400A /* WeiboTest */,
				047972461734DC5400A8400A /* Frameworks */,
				047972451734DC5400A8400A /* Products */,
			);
			sourceTree = "<group>";
		};
		047972451734DC5400A8400A /* Products */ = {
			isa = PBXGroup;
			children = (
				047972441734DC5400A8400A /* WeiboTest.app */,
			);
			name = Products;
			sourceTree = "<group>";
		};
		047972461734DC5400A8400A /* Frameworks */ = {
			isa = PBXGroup;
			children = (
				04EB0CF11737FA6800688D30 /* MobileCoreServices.framework */,
				04EBBDFD173628E60075A715 /* QuartzCore.framework */,
				047972471734DC5400A8400A /* UIKit.framework */,
				047972491734DC5400A8400A /* Foundation.framework */,
				0479724B1734DC5400A8400A /* CoreGraphics.framework */,
			);
			name = Frameworks;
			sourceTree = "<group>";
		};
		0479724D1734DC5400A8400A /* WeiboTest */ = {
			isa = PBXGroup;
			children = (
				04EB0CF31738093500688D30 /* sinaweibo_ios_sdk */,
				04EB0CED1737F8DF00688D30 /* Other Resource */,
				04EBBDFA173612930075A715 /* Img */,
				04EBBDD21735F5740075A715 /* Xib */,
				0479724E1734DC5400A8400A /* Supporting Files */,
				047972861734DEC500A8400A /* SNAppDelegate.h */,
				047972871734DEC500A8400A /* SNAppDelegate.m */,
				0471F6F817353A2500C13F19 /* WeiboCell.h */,
				0471F6F917353A2500C13F19 /* WeiboCell.m */,
				04DD4A4017368B7F0087A231 /* Status.h */,
				04DD4A4117368B7F0087A231 /* Status.m */,
				04DD4A4317368E140087A231 /* SNNetAccess.h */,
				04DD4A4417368E140087A231 /* SNNetAccess.m */,
				04DD4A4617369B120087A231 /* MainViewController.h */,
				04DD4A4717369B130087A231 /* MainViewController.m */,
				04DD4A4917369B400087A231 /* CategoryViewController.h */,
				04DD4A4A17369B400087A231 /* CategoryViewController.m */,
				04DD4A4C17369B5D0087A231 /* DisplayViewController.h */,
				04DD4A4D17369B5D0087A231 /* DisplayViewController.m */,
				04D0C8CF173753F900CA7057 /* PostViewController.h */,
				04D0C8D0173753F900CA7057 /* PostViewController.m */,
			);
			path = WeiboTest;
			sourceTree = "<group>";
		};
		0479724E1734DC5400A8400A /* Supporting Files */ = {
			isa = PBXGroup;
			children = (
				0479724F1734DC5400A8400A /* WeiboTest-Info.plist */,
				047972501734DC5400A8400A /* InfoPlist.strings */,
				047972531734DC5400A8400A /* main.m */,
				047972551734DC5400A8400A /* WeiboTest-Prefix.pch */,
				047972591734DC5500A8400A /* Default.png */,
				0479725B1734DC5500A8400A /* Default@2x.png */,
				0479725D1734DC5500A8400A /* Default-568h@2x.png */,
			);
			name = "Supporting Files";
			sourceTree = "<group>";
		};
		047972761734DD9000A8400A /* Resources */ = {
			isa = PBXGroup;
			children = (
				047972771734DD9000A8400A /* button_background.png */,
				047972781734DD9000A8400A /* button_background@2x.png */,
				047972791734DD9000A8400A /* button_background_disabled.png */,
				0479727A1734DD9000A8400A /* button_background_disabled@2x.png */,
				0479727B1734DD9000A8400A /* logo.png */,
				0479727C1734DD9000A8400A /* logo@2x.png */,
			);
			path = Resources;
			sourceTree = "<group>";
		};
		04EB0CED1737F8DF00688D30 /* Other Resource */ = {
			isa = PBXGroup;
			children = (
				04EB0CEE1737F91100688D30 /* FDTakeController.h */,
				04EB0CEF1737F91100688D30 /* FDTakeController.m */,
			);
			name = "Other Resource";
			sourceTree = "<group>";
		};
		04EB0CF31738093500688D30 /* sinaweibo_ios_sdk */ = {
			isa = PBXGroup;
			children = (
				04EB0CF41738093500688D30 /* JSONKit */,
				04EB0CF71738093500688D30 /* SinaWeibo */,
			);
			path = sinaweibo_ios_sdk;
			sourceTree = "<group>";
		};
		04EB0CF41738093500688D30 /* JSONKit */ = {
			isa = PBXGroup;
			children = (
				04EB0CF51738093500688D30 /* JSONKit.h */,
				04EB0CF61738093500688D30 /* JSONKit.m */,
			);
			path = JSONKit;
			sourceTree = "<group>";
		};
		04EB0CF71738093500688D30 /* SinaWeibo */ = {
			isa = PBXGroup;
			children = (
				04EB0CF81738093500688D30 /* SinaWeibo.bundle */,
				04EB0CF91738093500688D30 /* SinaWeibo.h */,
				04EB0CFA1738093500688D30 /* SinaWeibo.m */,
				04EB0CFB1738093500688D30 /* SinaWeiboAuthorizeView.h */,
				04EB0CFC1738093500688D30 /* SinaWeiboAuthorizeView.m */,
				04EB0CFD1738093500688D30 /* SinaWeiboConstants.h */,
				04EB0CFE1738093500688D30 /* SinaWeiboRequest.h */,
				04EB0CFF1738093500688D30 /* SinaWeiboRequest.m */,
			);
			path = SinaWeibo;
			sourceTree = "<group>";
		};
		04EBBDD21735F5740075A715 /* Xib */ = {
			isa = PBXGroup;
			children = (
				0471F6F3173531B000C13F19 /* WeiboCell.xib */,
				04D0C8D217375BF400CA7057 /* PostViewController.xib */,
			);
			name = Xib;
			sourceTree = "<group>";
		};
		04EBBDFA173612930075A715 /* Img */ = {
			isa = PBXGroup;
			children = (
				04D0C8CA1737444500CA7057 /* headphoto.png */,
				04D0C8C8173742C900CA7057 /* edit.png */,
				04DD4A3E1736876D0087A231 /* fenge.png */,
				04EBBDFB17361AE10075A715 /* sub.png */,
			);
			name = Img;
			sourceTree = "<group>";
		};
/* End PBXGroup section */

/* Begin PBXNativeTarget section */
		047972431734DC5400A8400A /* WeiboTest */ = {
			isa = PBXNativeTarget;
			buildConfigurationList = 047972611734DC5500A8400A /* Build configuration list for PBXNativeTarget "WeiboTest" */;
			buildPhases = (
				047972401734DC5400A8400A /* Sources */,
				047972411734DC5400A8400A /* Frameworks */,
				047972421734DC5400A8400A /* Resources */,
			);
			buildRules = (
			);
			dependencies = (
			);
			name = WeiboTest;
			productName = WeiboTest;
			productReference = 047972441734DC5400A8400A /* WeiboTest.app */;
			productType = "com.apple.product-type.application";
		};
/* End PBXNativeTarget section */

/* Begin PBXProject section */
		0479723C1734DC5400A8400A /* Project object */ = {
			isa = PBXProject;
			attributes = {
				LastUpgradeCheck = 0460;
				ORGANIZATIONNAME = lucas;
			};
			buildConfigurationList = 0479723F1734DC5400A8400A /* Build configuration list for PBXProject "WeiboTest" */;
			compatibilityVersion = "Xcode 3.2";
			developmentRegion = English;
			hasScannedForEncodings = 0;
			knownRegions = (
				en,
			);
			mainGroup = 0479723B1734DC5400A8400A;
			productRefGroup = 047972451734DC5400A8400A /* Products */;
			projectDirPath = "";
			projectRoot = "";
			targets = (
				047972431734DC5400A8400A /* WeiboTest */,
			);
		};
/* End PBXProject section */

/* Begin PBXResourcesBuildPhase section */
		047972421734DC5400A8400A /* Resources */ = {
			isa = PBXResourcesBuildPhase;
			buildActionMask = 2147483647;
			files = (
				047972521734DC5400A8400A /* InfoPlist.strings in Resources */,
				0479725A1734DC5500A8400A /* Default.png in Resources */,
				0479725C1734DC5500A8400A /* Default@2x.png in Resources */,
				0479725E1734DC5500A8400A /* Default-568h@2x.png in Resources */,
				0479727D1734DD9000A8400A /* button_background.png in Resources */,
				0479727E1734DD9000A8400A /* button_background@2x.png in Resources */,
				0479727F1734DD9000A8400A /* button_background_disabled.png in Resources */,
				047972801734DD9000A8400A /* button_background_disabled@2x.png in Resources */,
				047972811734DD9000A8400A /* logo.png in Resources */,
				047972821734DD9000A8400A /* logo@2x.png in Resources */,
				0471F6F4173531B000C13F19 /* WeiboCell.xib in Resources */,
				04EBBDFC17361AE10075A715 /* sub.png in Resources */,
				04DD4A3F1736876D0087A231 /* fenge.png in Resources */,
				04D0C8C9173742C900CA7057 /* edit.png in Resources */,
				04D0C8CB1737444500CA7057 /* headphoto.png in Resources */,
				04D0C8D317375BF400CA7057 /* PostViewController.xib in Resources */,
				04EB0D011738093500688D30 /* SinaWeibo.bundle in Resources */,
				0407CA80173A0DB50007812A /* updateInfo in Resources */,
			);
			runOnlyForDeploymentPostprocessing = 0;
		};
/* End PBXResourcesBuildPhase section */

/* Begin PBXSourcesBuildPhase section */
		047972401734DC5400A8400A /* Sources */ = {
			isa = PBXSourcesBuildPhase;
			buildActionMask = 2147483647;
			files = (
				047972541734DC5400A8400A /* main.m in Sources */,
				047972881734DEC500A8400A /* SNAppDelegate.m in Sources */,
				0471F6FA17353A2500C13F19 /* WeiboCell.m in Sources */,
				04DD4A4217368B7F0087A231 /* Status.m in Sources */,
				04DD4A4517368E140087A231 /* SNNetAccess.m in Sources */,
				04DD4A4817369B130087A231 /* MainViewController.m in Sources */,
				04DD4A4B17369B400087A231 /* CategoryViewController.m in Sources */,
				04DD4A4E17369B5D0087A231 /* DisplayViewController.m in Sources */,
				04D0C8D1173753F900CA7057 /* PostViewController.m in Sources */,
				04EB0CF01737F91100688D30 /* FDTakeController.m in Sources */,
				04EB0D001738093500688D30 /* JSONKit.m in Sources */,
				04EB0D021738093500688D30 /* SinaWeibo.m in Sources */,
				04EB0D031738093500688D30 /* SinaWeiboAuthorizeView.m in Sources */,
				04EB0D041738093500688D30 /* SinaWeiboRequest.m in Sources */,
			);
			runOnlyForDeploymentPostprocessing = 0;
		};
/* End PBXSourcesBuildPhase section */

/* Begin PBXVariantGroup section */
		047972501734DC5400A8400A /* InfoPlist.strings */ = {
			isa = PBXVariantGroup;
			children = (
				047972511734DC5400A8400A /* en */,
			);
			name = InfoPlist.strings;
			sourceTree = "<group>";
		};
/* End PBXVariantGroup section */

/* Begin XCBuildConfiguration section */
		0479725F1734DC5500A8400A /* Debug */ = {
			isa = XCBuildConfiguration;
			buildSettings = {
				ALWAYS_SEARCH_USER_PATHS = NO;
				CLANG_CXX_LANGUAGE_STANDARD = "gnu++0x";
				CLANG_CXX_LIBRARY = "libc++";
				CLANG_WARN_CONSTANT_CONVERSION = YES;
				CLANG_WARN_EMPTY_BODY = YES;
				CLANG_WARN_ENUM_CONVERSION = YES;
				CLANG_WARN_INT_CONVERSION = YES;
				CLANG_WARN__DUPLICATE_METHOD_MATCH = YES;
				"CODE_SIGN_IDENTITY[sdk=iphoneos*]" = "iPhone Developer";
				COPY_PHASE_STRIP = NO;
				GCC_C_LANGUAGE_STANDARD = gnu99;
				GCC_DYNAMIC_NO_PIC = NO;
				GCC_OPTIMIZATION_LEVEL = 0;
				GCC_PREPROCESSOR_DEFINITIONS = (
					"DEBUG=1",
					"$(inherited)",
				);
				GCC_SYMBOLS_PRIVATE_EXTERN = NO;
				GCC_WARN_ABOUT_RETURN_TYPE = YES;
				GCC_WARN_UNINITIALIZED_AUTOS = YES;
				GCC_WARN_UNUSED_VARIABLE = YES;
				IPHONEOS_DEPLOYMENT_TARGET = 6.1;
				ONLY_ACTIVE_ARCH = YES;
				SDKROOT = iphoneos;
			};
			name = Debug;
		};
		047972601734DC5500A8400A /* Release */ = {
			isa = XCBuildConfiguration;
			buildSettings = {
				ALWAYS_SEARCH_USER_PATHS = NO;
				CLANG_CXX_LANGUAGE_STANDARD = "gnu++0x";
				CLANG_CXX_LIBRARY = "libc++";
				CLANG_WARN_CONSTANT_CONVERSION = YES;
				CLANG_WARN_EMPTY_BODY = YES;
				CLANG_WARN_ENUM_CONVERSION = YES;
				CLANG_WARN_INT_CONVERSION = YES;
				CLANG_WARN__DUPLICATE_METHOD_MATCH = YES;
				"CODE_SIGN_IDENTITY[sdk=iphoneos*]" = "iPhone Developer";
				COPY_PHASE_STRIP = YES;
				GCC_C_LANGUAGE_STANDARD = gnu99;
				GCC_WARN_ABOUT_RETURN_TYPE = YES;
				GCC_WARN_UNINITIALIZED_AUTOS = YES;
				GCC_WARN_UNUSED_VARIABLE = YES;
				IPHONEOS_DEPLOYMENT_TARGET = 6.1;
				OTHER_CFLAGS = "-DNS_BLOCK_ASSERTIONS=1";
				SDKROOT = iphoneos;
				VALIDATE_PRODUCT = YES;
			};
			name = Release;
		};
		047972621734DC5500A8400A /* Debug */ = {
			isa = XCBuildConfiguration;
			buildSettings = {
				GCC_PRECOMPILE_PREFIX_HEADER = YES;
				GCC_PREFIX_HEADER = "WeiboTest/WeiboTest-Prefix.pch";
				INFOPLIST_FILE = "WeiboTest/WeiboTest-Info.plist";
				PRODUCT_NAME = "$(TARGET_NAME)";
				WRAPPER_EXTENSION = app;
			};
			name = Debug;
		};
		047972631734DC5500A8400A /* Release */ = {
			isa = XCBuildConfiguration;
			buildSettings = {
				GCC_PRECOMPILE_PREFIX_HEADER = YES;
				GCC_PREFIX_HEADER = "WeiboTest/WeiboTest-Prefix.pch";
				INFOPLIST_FILE = "WeiboTest/WeiboTest-Info.plist";
				PRODUCT_NAME = "$(TARGET_NAME)";
				WRAPPER_EXTENSION = app;
			};
			name = Release;
		};
/* End XCBuildConfiguration section */

/* Begin XCConfigurationList section */
		0479723F1734DC5400A8400A /* Build configuration list for PBXProject "WeiboTest" */ = {
			isa = XCConfigurationList;
			buildConfigurations = (
				0479725F1734DC5500A8400A /* Debug */,
				047972601734DC5500A8400A /* Release */,
			);
			defaultConfigurationIsVisible = 0;
			defaultConfigurationName = Release;
		};
		047972611734DC5500A8400A /* Build configuration list for PBXNativeTarget "WeiboTest" */ = {
			isa = XCConfigurationList;
			buildConfigurations = (
				047972621734DC5500A8400A /* Debug */,
				047972631734DC5500A8400A /* Release */,
			);
			defaultConfigurationIsVisible = 0;
			defaultConfigurationName = Release;
		};
/* End XCConfigurationList section */
	};
	rootObject = 0479723C1734DC5400A8400A /* Project object */;
}
