// !$*UTF8*$!
{
	archiveVersion = 1;
	classes = {
	};
	objectVersion = 46;
	objects = {

/* Begin PBXBuildFile section */
		0407CA82173A0E510007812A /* updateInfo in Resources */ = {isa = PBXBuildFile; fileRef = 0407CA81173A0E510007812A /* updateInfo */; };
		0407CABA173A0FB80007812A /* ASIAuthenticationDialog.m in Sources */ = {isa = PBXBuildFile; fileRef = 0407CAA5173A0FB80007812A /* ASIAuthenticationDialog.m */; };
		0407CABB173A0FB80007812A /* ASIDataCompressor.m in Sources */ = {isa = PBXBuildFile; fileRef = 0407CAA8173A0FB80007812A /* ASIDataCompressor.m */; };
		0407CABC173A0FB80007812A /* ASIDataDecompressor.m in Sources */ = {isa = PBXBuildFile; fileRef = 0407CAAA173A0FB80007812A /* ASIDataDecompressor.m */; };
		0407CABD173A0FB80007812A /* ASIDownloadCache.m in Sources */ = {isa = PBXBuildFile; fileRef = 0407CAAC173A0FB80007812A /* ASIDownloadCache.m */; };
		0407CABE173A0FB80007812A /* ASIFormDataRequest.m in Sources */ = {isa = PBXBuildFile; fileRef = 0407CAAE173A0FB80007812A /* ASIFormDataRequest.m */; };
		0407CABF173A0FB80007812A /* ASIHTTPRequest.m in Sources */ = {isa = PBXBuildFile; fileRef = 0407CAB0173A0FB80007812A /* ASIHTTPRequest.m */; };
		0407CAC0173A0FB80007812A /* ASIInputStream.m in Sources */ = {isa = PBXBuildFile; fileRef = 0407CAB4173A0FB80007812A /* ASIInputStream.m */; };
		0407CAC1173A0FB80007812A /* ASINetworkQueue.m in Sources */ = {isa = PBXBuildFile; fileRef = 0407CAB6173A0FB80007812A /* ASINetworkQueue.m */; };
		0407CAC2173A0FB80007812A /* Reachability.m in Sources */ = {isa = PBXBuildFile; fileRef = 0407CAB9173A0FB80007812A /* Reachability.m */; };
		0407CAC4173A0FC50007812A /* SystemConfiguration.framework in Frameworks */ = {isa = PBXBuildFile; fileRef = 0407CAC3173A0FC50007812A /* SystemConfiguration.framework */; };
		0407CAC6173A0FCA0007812A /* libz.1.2.5.dylib in Frameworks */ = {isa = PBXBuildFile; fileRef = 0407CAC5173A0FCA0007812A /* libz.1.2.5.dylib */; };
		0407CAC8173A0FCF0007812A /* CFNetwork.framework in Frameworks */ = {isa = PBXBuildFile; fileRef = 0407CAC7173A0FCF0007812A /* CFNetwork.framework */; };
		044EF1D4173AC00500FE3FF9 /* PostViewController.m in Sources */ = {isa = PBXBuildFile; fileRef = 044EF1D3173AC00500FE3FF9 /* PostViewController.m */; };
		0471F6F4173531B000C13F19 /* headView.xib in Resources */ = {isa = PBXBuildFile; fileRef = 0471F6F3173531B000C13F19 /* headView.xib */; };
		0471F6FA17353A2500C13F19 /* WeiboCell.m in Sources */ = {isa = PBXBuildFile; fileRef = 0471F6F917353A2500C13F19 /* WeiboCell.m */; };
		047972481734DC5400A8400A /* UIKit.framework in Frameworks */ = {isa = PBXBuildFile; fileRef = 047972471734DC5400A8400A /* UIKit.framework */; };
		0479724A1734DC5400A8400A /* Foundation.framework in Frameworks */ = {isa = PBXBuildFile; fileRef = 047972491734DC5400A8400A /* Foundation.framework */; };
		0479724C1734DC5400A8400A /* CoreGraphics.framework in Frameworks */ = {isa = PBXBuildFile; fileRef = 0479724B1734DC5400A8400A /* CoreGraphics.framework */; };
		047972521734DC5400A8400A /* InfoPlist.strings in Resources */ = {isa = PBXBuildFile; fileRef = 047972501734DC5400A8400A /* InfoPlist.strings */; };
		047972541734DC5400A8400A /* main.m in Sources */ = {isa = PBXBuildFile; fileRef = 047972531734DC5400A8400A /* main.m */; };
		0479725A1734DC5500A8400A /* Default.png in Resources */ = {isa = PBXBuildFile; fileRef = 047972591734DC5500A8400A /* Default.png */; };
		0479725C1734DC5500A8400A /* Default@2x.png in Resources */ = {isa = PBXBuildFile; fileRef = 0479725B1734DC5500A8400A /* Default@2x.png */; };
		0479725E1734DC5500A8400A /* Default-568h@2x.png in Resources */ = {isa = PBXBuildFile; fileRef = 0479725D1734DC5500A8400A /* Default-568h@2x.png */; };
		047972881734DEC500A8400A /* SNAppDelegate.m in Sources */ = {isa = PBXBuildFile; fileRef = 047972871734DEC500A8400A /* SNAppDelegate.m */; };
		0486A74D173BA2FD005D8B6D /* libsqlite3.dylib in Frameworks */ = {isa = PBXBuildFile; fileRef = 0486A74C173BA2FD005D8B6D /* libsqlite3.dylib */; };
		0486A750173BA340005D8B6D /* DatabaseManager.m in Sources */ = {isa = PBXBuildFile; fileRef = 0486A74F173BA340005D8B6D /* DatabaseManager.m */; };
		04D0775D173CFD4500939E0C /* NSString+Hashing.m in Sources */ = {isa = PBXBuildFile; fileRef = 04D0775C173CFD4500939E0C /* NSString+Hashing.m */; };
		04D07762173D0D9300939E0C /* at.png in Resources */ = {isa = PBXBuildFile; fileRef = 04D0775E173D0D9100939E0C /* at.png */; };
		04D07763173D0D9300939E0C /* comment.png in Resources */ = {isa = PBXBuildFile; fileRef = 04D0775F173D0D9100939E0C /* comment.png */; };
		04D07764173D0D9300939E0C /* favourite.png in Resources */ = {isa = PBXBuildFile; fileRef = 04D07760173D0D9200939E0C /* favourite.png */; };
		04D07765173D0D9300939E0C /* home.png in Resources */ = {isa = PBXBuildFile; fileRef = 04D07761173D0D9200939E0C /* home.png */; };
		04D0C8C9173742C900CA7057 /* edit.png in Resources */ = {isa = PBXBuildFile; fileRef = 04D0C8C8173742C900CA7057 /* edit.png */; };
		04D0C8CB1737444500CA7057 /* headphoto.png in Resources */ = {isa = PBXBuildFile; fileRef = 04D0C8CA1737444500CA7057 /* headphoto.png */; };
		04DD4A3F1736876D0087A231 /* fenge.png in Resources */ = {isa = PBXBuildFile; fileRef = 04DD4A3E1736876D0087A231 /* fenge.png */; };
		04DD4A4217368B7F0087A231 /* WeiboStatus.m in Sources */ = {isa = PBXBuildFile; fileRef = 04DD4A4117368B7F0087A231 /* WeiboStatus.m */; };
		04DD4A4817369B130087A231 /* MainViewController.m in Sources */ = {isa = PBXBuildFile; fileRef = 04DD4A4717369B130087A231 /* MainViewController.m */; };
		04DD4A4B17369B400087A231 /* CategoryViewController.m in Sources */ = {isa = PBXBuildFile; fileRef = 04DD4A4A17369B400087A231 /* CategoryViewController.m */; };
		04DD4A4E17369B5D0087A231 /* DisplayViewController.m in Sources */ = {isa = PBXBuildFile; fileRef = 04DD4A4D17369B5D0087A231 /* DisplayViewController.m */; };
		04E3165F173C9624005FEF79 /* FMDatabase.m in Sources */ = {isa = PBXBuildFile; fileRef = 04E31656173C9624005FEF79 /* FMDatabase.m */; };
		04E31660173C9624005FEF79 /* FMDatabaseAdditions.m in Sources */ = {isa = PBXBuildFile; fileRef = 04E31658173C9624005FEF79 /* FMDatabaseAdditions.m */; };
		04E31661173C9624005FEF79 /* FMDatabasePool.m in Sources */ = {isa = PBXBuildFile; fileRef = 04E3165A173C9624005FEF79 /* FMDatabasePool.m */; };
		04E31662173C9624005FEF79 /* FMDatabaseQueue.m in Sources */ = {isa = PBXBuildFile; fileRef = 04E3165C173C9624005FEF79 /* FMDatabaseQueue.m */; };
		04E31663173C9624005FEF79 /* FMResultSet.m in Sources */ = {isa = PBXBuildFile; fileRef = 04E3165E173C9624005FEF79 /* FMResultSet.m */; };
		04E798ED173A6FEA00260820 /* EGORefreshTableHeaderView.m in Sources */ = {isa = PBXBuildFile; fileRef = 04E798E3173A6FEA00260820 /* EGORefreshTableHeaderView.m */; };
		04E798EE173A6FEA00260820 /* blackArrow.png in Resources */ = {isa = PBXBuildFile; fileRef = 04E798E5173A6FEA00260820 /* blackArrow.png */; };
		04E798EF173A6FEA00260820 /* blackArrow@2x.png in Resources */ = {isa = PBXBuildFile; fileRef = 04E798E6173A6FEA00260820 /* blackArrow@2x.png */; };
		04E798F0173A6FEA00260820 /* blueArrow.png in Resources */ = {isa = PBXBuildFile; fileRef = 04E798E7173A6FEA00260820 /* blueArrow.png */; };
		04E798F1173A6FEA00260820 /* blueArrow@2x.png in Resources */ = {isa = PBXBuildFile; fileRef = 04E798E8173A6FEA00260820 /* blueArrow@2x.png */; };
		04E798F2173A6FEA00260820 /* grayArrow.png in Resources */ = {isa = PBXBuildFile; fileRef = 04E798E9173A6FEA00260820 /* grayArrow.png */; };
		04E798F3173A6FEA00260820 /* grayArrow@2x.png in Resources */ = {isa = PBXBuildFile; fileRef = 04E798EA173A6FEA00260820 /* grayArrow@2x.png */; };
		04E798F4173A6FEA00260820 /* whiteArrow.png in Resources */ = {isa = PBXBuildFile; fileRef = 04E798EB173A6FEA00260820 /* whiteArrow.png */; };
		04E798F5173A6FEA00260820 /* whiteArrow@2x.png in Resources */ = {isa = PBXBuildFile; fileRef = 04E798EC173A6FEA00260820 /* whiteArrow@2x.png */; };
		04EB0CF21737FA6800688D30 /* MobileCoreServices.framework in Frameworks */ = {isa = PBXBuildFile; fileRef = 04EB0CF11737FA6800688D30 /* MobileCoreServices.framework */; };
		04EB0D001738093500688D30 /* JSONKit.m in Sources */ = {isa = PBXBuildFile; fileRef = 04EB0CF61738093500688D30 /* JSONKit.m */; };
		04EB0D011738093500688D30 /* SinaWeibo.bundle in Resources */ = {isa = PBXBuildFile; fileRef = 04EB0CF81738093500688D30 /* SinaWeibo.bundle */; };
		04EB0D021738093500688D30 /* SinaWeibo.m in Sources */ = {isa = PBXBuildFile; fileRef = 04EB0CFA1738093500688D30 /* SinaWeibo.m */; };
		04EB0D031738093500688D30 /* SinaWeiboAuthorizeView.m in Sources */ = {isa = PBXBuildFile; fileRef = 04EB0CFC1738093500688D30 /* SinaWeiboAuthorizeView.m */; };
		04EB0D041738093500688D30 /* SinaWeiboRequest.m in Sources */ = {isa = PBXBuildFile; fileRef = 04EB0CFF1738093500688D30 /* SinaWeiboRequest.m */; };
		04EBBDFC17361AE10075A715 /* sub.png in Resources */ = {isa = PBXBuildFile; fileRef = 04EBBDFB17361AE10075A715 /* sub.png */; };
		04EBBDFE173628E60075A715 /* QuartzCore.framework in Frameworks */ = {isa = PBXBuildFile; fileRef = 04EBBDFD173628E60075A715 /* QuartzCore.framework */; };
/* End PBXBuildFile section */

/* Begin PBXFileReference section */
		0407CA81173A0E510007812A /* updateInfo */ = {isa = PBXFileReference; fileEncoding = 4; lastKnownFileType = text; path = updateInfo; sourceTree = "<group>"; };
		0407CAA4173A0FB80007812A /* ASIAuthenticationDialog.h */ = {isa = PBXFileReference; fileEncoding = 4; lastKnownFileType = sourcecode.c.h; path = ASIAuthenticationDialog.h; sourceTree = "<group>"; };
		0407CAA5173A0FB80007812A /* ASIAuthenticationDialog.m */ = {isa = PBXFileReference; fileEncoding = 4; lastKnownFileType = sourcecode.c.objc; path = ASIAuthenticationDialog.m; sourceTree = "<group>"; };
		0407CAA6173A0FB80007812A /* ASICacheDelegate.h */ = {isa = PBXFileReference; fileEncoding = 4; lastKnownFileType = sourcecode.c.h; path = ASICacheDelegate.h; sourceTree = "<group>"; };
		0407CAA7173A0FB80007812A /* ASIDataCompressor.h */ = {isa = PBXFileReference; fileEncoding = 4; lastKnownFileType = sourcecode.c.h; path = ASIDataCompressor.h; sourceTree = "<group>"; };
		0407CAA8173A0FB80007812A /* ASIDataCompressor.m */ = {isa = PBXFileReference; fileEncoding = 4; lastKnownFileType = sourcecode.c.objc; path = ASIDataCompressor.m; sourceTree = "<group>"; };
		0407CAA9173A0FB80007812A /* ASIDataDecompressor.h */ = {isa = PBXFileReference; fileEncoding = 4; lastKnownFileType = sourcecode.c.h; path = ASIDataDecompressor.h; sourceTree = "<group>"; };
		0407CAAA173A0FB80007812A /* ASIDataDecompressor.m */ = {isa = PBXFileReference; fileEncoding = 4; lastKnownFileType = sourcecode.c.objc; path = ASIDataDecompressor.m; sourceTree = "<group>"; };
		0407CAAB173A0FB80007812A /* ASIDownloadCache.h */ = {isa = PBXFileReference; fileEncoding = 4; lastKnownFileType = sourcecode.c.h; path = ASIDownloadCache.h; sourceTree = "<group>"; };
		0407CAAC173A0FB80007812A /* ASIDownloadCache.m */ = {isa = PBXFileReference; fileEncoding = 4; lastKnownFileType = sourcecode.c.objc; path = ASIDownloadCache.m; sourceTree = "<group>"; };
		0407CAAD173A0FB80007812A /* ASIFormDataRequest.h */ = {isa = PBXFileReference; fileEncoding = 4; lastKnownFileType = sourcecode.c.h; path = ASIFormDataRequest.h; sourceTree = "<group>"; };
		0407CAAE173A0FB80007812A /* ASIFormDataRequest.m */ = {isa = PBXFileReference; fileEncoding = 4; lastKnownFileType = sourcecode.c.objc; path = ASIFormDataRequest.m; sourceTree = "<group>"; };
		0407CAAF173A0FB80007812A /* ASIHTTPRequest.h */ = {isa = PBXFileReference; fileEncoding = 4; lastKnownFileType = sourcecode.c.h; path = ASIHTTPRequest.h; sourceTree = "<group>"; };
		0407CAB0173A0FB80007812A /* ASIHTTPRequest.m */ = {isa = PBXFileReference; fileEncoding = 4; lastKnownFileType = sourcecode.c.objc; path = ASIHTTPRequest.m; sourceTree = "<group>"; };
		0407CAB1173A0FB80007812A /* ASIHTTPRequestConfig.h */ = {isa = PBXFileReference; fileEncoding = 4; lastKnownFileType = sourcecode.c.h; path = ASIHTTPRequestConfig.h; sourceTree = "<group>"; };
		0407CAB2173A0FB80007812A /* ASIHTTPRequestDelegate.h */ = {isa = PBXFileReference; fileEncoding = 4; lastKnownFileType = sourcecode.c.h; path = ASIHTTPRequestDelegate.h; sourceTree = "<group>"; };
		0407CAB3173A0FB80007812A /* ASIInputStream.h */ = {isa = PBXFileReference; fileEncoding = 4; lastKnownFileType = sourcecode.c.h; path = ASIInputStream.h; sourceTree = "<group>"; };
		0407CAB4173A0FB80007812A /* ASIInputStream.m */ = {isa = PBXFileReference; fileEncoding = 4; lastKnownFileType = sourcecode.c.objc; path = ASIInputStream.m; sourceTree = "<group>"; };
		0407CAB5173A0FB80007812A /* ASINetworkQueue.h */ = {isa = PBXFileReference; fileEncoding = 4; lastKnownFileType = sourcecode.c.h; path = ASINetworkQueue.h; sourceTree = "<group>"; };
		0407CAB6173A0FB80007812A /* ASINetworkQueue.m */ = {isa = PBXFileReference; fileEncoding = 4; lastKnownFileType = sourcecode.c.objc; path = ASINetworkQueue.m; sourceTree = "<group>"; };
		0407CAB7173A0FB80007812A /* ASIProgressDelegate.h */ = {isa = PBXFileReference; fileEncoding = 4; lastKnownFileType = sourcecode.c.h; path = ASIProgressDelegate.h; sourceTree = "<group>"; };
		0407CAB8173A0FB80007812A /* Reachability.h */ = {isa = PBXFileReference; fileEncoding = 4; lastKnownFileType = sourcecode.c.h; path = Reachability.h; sourceTree = "<group>"; };
		0407CAB9173A0FB80007812A /* Reachability.m */ = {isa = PBXFileReference; fileEncoding = 4; lastKnownFileType = sourcecode.c.objc; path = Reachability.m; sourceTree = "<group>"; };
		0407CAC3173A0FC50007812A /* SystemConfiguration.framework */ = {isa = PBXFileReference; lastKnownFileType = wrapper.framework; name = SystemConfiguration.framework; path = System/Library/Frameworks/SystemConfiguration.framework; sourceTree = SDKROOT; };
		0407CAC5173A0FCA0007812A /* libz.1.2.5.dylib */ = {isa = PBXFileReference; lastKnownFileType = "compiled.mach-o.dylib"; name = libz.1.2.5.dylib; path = usr/lib/libz.1.2.5.dylib; sourceTree = SDKROOT; };
		0407CAC7173A0FCF0007812A /* CFNetwork.framework */ = {isa = PBXFileReference; lastKnownFileType = wrapper.framework; name = CFNetwork.framework; path = System/Library/Frameworks/CFNetwork.framework; sourceTree = SDKROOT; };
		044EF1D2173AC00500FE3FF9 /* PostViewController.h */ = {isa = PBXFileReference; fileEncoding = 4; lastKnownFileType = sourcecode.c.h; path = PostViewController.h; sourceTree = "<group>"; };
		044EF1D3173AC00500FE3FF9 /* PostViewController.m */ = {isa = PBXFileReference; fileEncoding = 4; lastKnownFileType = sourcecode.c.objc; path = PostViewController.m; sourceTree = "<group>"; };
		0471F6F3173531B000C13F19 /* headView.xib */ = {isa = PBXFileReference; fileEncoding = 4; lastKnownFileType = file.xib; path = headView.xib; sourceTree = "<group>"; };
		0471F6F817353A2500C13F19 /* WeiboCell.h */ = {isa = PBXFileReference; fileEncoding = 4; lastKnownFileType = sourcecode.c.h; path = WeiboCell.h; sourceTree = "<group>"; };
		0471F6F917353A2500C13F19 /* WeiboCell.m */ = {isa = PBXFileReference; fileEncoding = 4; lastKnownFileType = sourcecode.c.objc; path = WeiboCell.m; sourceTree = "<group>"; };
		047972441734DC5400A8400A /* WeiboTest.app */ = {isa = PBXFileReference; explicitFileType = wrapper.application; includeInIndex = 0; path = WeiboTest.app; sourceTree = BUILT_PRODUCTS_DIR; };
		047972471734DC5400A8400A /* UIKit.framework */ = {isa = PBXFileReference; lastKnownFileType = wrapper.framework; name = UIKit.framework; path = System/Library/Frameworks/UIKit.framework; sourceTree = SDKROOT; };
		047972491734DC5400A8400A /* Foundation.framework */ = {isa = PBXFileReference; lastKnownFileType = wrapper.framework; name = Foundation.framework; path = System/Library/Frameworks/Foundation.framework; sourceTree = SDKROOT; };
		0479724B1734DC5400A8400A /* CoreGraphics.framework */ = {isa = PBXFileReference; lastKnownFileType = wrapper.framework; name = CoreGraphics.framework; path = System/Library/Frameworks/CoreGraphics.framework; sourceTree = SDKROOT; };
		0479724F1734DC5400A8400A /* WeiboTest-Info.plist */ = {isa = PBXFileReference; lastKnownFileType = text.plist.xml; path = "WeiboTest-Info.plist"; sourceTree = "<group>"; };
		047972511734DC5400A8400A /* en */ = {isa = PBXFileReference; lastKnownFileType = text.plist.strings; name = en; path = en.lproj/InfoPlist.strings; sourceTree = "<group>"; };
		047972531734DC5400A8400A /* main.m */ = {isa = PBXFileReference; lastKnownFileType = sourcecode.c.objc; path = main.m; sourceTree = "<group>"; };
		047972551734DC5400A8400A /* WeiboTest-Prefix.pch */ = {isa = PBXFileReference; lastKnownFileType = sourcecode.c.h; path = "WeiboTest-Prefix.pch"; sourceTree = "<group>"; };
		047972591734DC5500A8400A /* Default.png */ = {isa = PBXFileReference; lastKnownFileType = image.png; path = Default.png; sourceTree = "<group>"; };
		0479725B1734DC5500A8400A /* Default@2x.png */ = {isa = PBXFileReference; lastKnownFileType = image.png; path = "Default@2x.png"; sourceTree = "<group>"; };
		0479725D1734DC5500A8400A /* Default-568h@2x.png */ = {isa = PBXFileReference; lastKnownFileType = image.png; path = "Default-568h@2x.png"; sourceTree = "<group>"; };
		047972861734DEC500A8400A /* SNAppDelegate.h */ = {isa = PBXFileReference; fileEncoding = 4; lastKnownFileType = sourcecode.c.h; path = SNAppDelegate.h; sourceTree = "<group>"; };
		047972871734DEC500A8400A /* SNAppDelegate.m */ = {isa = PBXFileReference; fileEncoding = 4; lastKnownFileType = sourcecode.c.objc; path = SNAppDelegate.m; sourceTree = "<group>"; };
		0486A74C173BA2FD005D8B6D /* libsqlite3.dylib */ = {isa = PBXFileReference; lastKnownFileType = "compiled.mach-o.dylib"; name = libsqlite3.dylib; path = usr/lib/libsqlite3.dylib; sourceTree = SDKROOT; };
		0486A74E173BA340005D8B6D /* DatabaseManager.h */ = {isa = PBXFileReference; fileEncoding = 4; lastKnownFileType = sourcecode.c.h; path = DatabaseManager.h; sourceTree = "<group>"; };
		0486A74F173BA340005D8B6D /* DatabaseManager.m */ = {isa = PBXFileReference; fileEncoding = 4; lastKnownFileType = sourcecode.c.objc; path = DatabaseManager.m; sourceTree = "<group>"; };
		04D0775B173CFD4500939E0C /* NSString+Hashing.h */ = {isa = PBXFileReference; fileEncoding = 4; lastKnownFileType = sourcecode.c.h; path = "NSString+Hashing.h"; sourceTree = "<group>"; };
		04D0775C173CFD4500939E0C /* NSString+Hashing.m */ = {isa = PBXFileReference; fileEncoding = 4; lastKnownFileType = sourcecode.c.objc; path = "NSString+Hashing.m"; sourceTree = "<group>"; };
		04D0775E173D0D9100939E0C /* at.png */ = {isa = PBXFileReference; lastKnownFileType = image.png; path = at.png; sourceTree = "<group>"; };
		04D0775F173D0D9100939E0C /* comment.png */ = {isa = PBXFileReference; lastKnownFileType = image.png; path = comment.png; sourceTree = "<group>"; };
		04D07760173D0D9200939E0C /* favourite.png */ = {isa = PBXFileReference; lastKnownFileType = image.png; path = favourite.png; sourceTree = "<group>"; };
		04D07761173D0D9200939E0C /* home.png */ = {isa = PBXFileReference; lastKnownFileType = image.png; path = home.png; sourceTree = "<group>"; };
		04D0C8C8173742C900CA7057 /* edit.png */ = {isa = PBXFileReference; lastKnownFileType = image.png; path = edit.png; sourceTree = "<group>"; };
		04D0C8CA1737444500CA7057 /* headphoto.png */ = {isa = PBXFileReference; lastKnownFileType = image.png; path = headphoto.png; sourceTree = "<group>"; };
		04DD4A3E1736876D0087A231 /* fenge.png */ = {isa = PBXFileReference; lastKnownFileType = image.png; path = fenge.png; sourceTree = "<group>"; };
		04DD4A4017368B7F0087A231 /* WeiboStatus.h */ = {isa = PBXFileReference; fileEncoding = 4; lastKnownFileType = sourcecode.c.h; path = WeiboStatus.h; sourceTree = "<group>"; };
		04DD4A4117368B7F0087A231 /* WeiboStatus.m */ = {isa = PBXFileReference; fileEncoding = 4; lastKnownFileType = sourcecode.c.objc; path = WeiboStatus.m; sourceTree = "<group>"; };
		04DD4A4617369B120087A231 /* MainViewController.h */ = {isa = PBXFileReference; fileEncoding = 4; lastKnownFileType = sourcecode.c.h; path = MainViewController.h; sourceTree = "<group>"; };
		04DD4A4717369B130087A231 /* MainViewController.m */ = {isa = PBXFileReference; fileEncoding = 4; lastKnownFileType = sourcecode.c.objc; path = MainViewController.m; sourceTree = "<group>"; };
		04DD4A4917369B400087A231 /* CategoryViewController.h */ = {isa = PBXFileReference; fileEncoding = 4; lastKnownFileType = sourcecode.c.h; path = CategoryViewController.h; sourceTree = "<group>"; };
		04DD4A4A17369B400087A231 /* CategoryViewController.m */ = {isa = PBXFileReference; fileEncoding = 4; lastKnownFileType = sourcecode.c.objc; path = CategoryViewController.m; sourceTree = "<group>"; };
		04DD4A4C17369B5D0087A231 /* DisplayViewController.h */ = {isa = PBXFileReference; fileEncoding = 4; lastKnownFileType = sourcecode.c.h; path = DisplayViewController.h; sourceTree = "<group>"; };
		04DD4A4D17369B5D0087A231 /* DisplayViewController.m */ = {isa = PBXFileReference; fileEncoding = 4; lastKnownFileType = sourcecode.c.objc; path = DisplayViewController.m; sourceTree = "<group>"; };
		04E31655173C9624005FEF79 /* FMDatabase.h */ = {isa = PBXFileReference; fileEncoding = 4; lastKnownFileType = sourcecode.c.h; path = FMDatabase.h; sourceTree = "<group>"; };
		04E31656173C9624005FEF79 /* FMDatabase.m */ = {isa = PBXFileReference; fileEncoding = 4; lastKnownFileType = sourcecode.c.objc; path = FMDatabase.m; sourceTree = "<group>"; };
		04E31657173C9624005FEF79 /* FMDatabaseAdditions.h */ = {isa = PBXFileReference; fileEncoding = 4; lastKnownFileType = sourcecode.c.h; path = FMDatabaseAdditions.h; sourceTree = "<group>"; };
		04E31658173C9624005FEF79 /* FMDatabaseAdditions.m */ = {isa = PBXFileReference; fileEncoding = 4; lastKnownFileType = sourcecode.c.objc; path = FMDatabaseAdditions.m; sourceTree = "<group>"; };
		04E31659173C9624005FEF79 /* FMDatabasePool.h */ = {isa = PBXFileReference; fileEncoding = 4; lastKnownFileType = sourcecode.c.h; path = FMDatabasePool.h; sourceTree = "<group>"; };
		04E3165A173C9624005FEF79 /* FMDatabasePool.m */ = {isa = PBXFileReference; fileEncoding = 4; lastKnownFileType = sourcecode.c.objc; path = FMDatabasePool.m; sourceTree = "<group>"; };
		04E3165B173C9624005FEF79 /* FMDatabaseQueue.h */ = {isa = PBXFileReference; fileEncoding = 4; lastKnownFileType = sourcecode.c.h; path = FMDatabaseQueue.h; sourceTree = "<group>"; };
		04E3165C173C9624005FEF79 /* FMDatabaseQueue.m */ = {isa = PBXFileReference; fileEncoding = 4; lastKnownFileType = sourcecode.c.objc; path = FMDatabaseQueue.m; sourceTree = "<group>"; };
		04E3165D173C9624005FEF79 /* FMResultSet.h */ = {isa = PBXFileReference; fileEncoding = 4; lastKnownFileType = sourcecode.c.h; path = FMResultSet.h; sourceTree = "<group>"; };
		04E3165E173C9624005FEF79 /* FMResultSet.m */ = {isa = PBXFileReference; fileEncoding = 4; lastKnownFileType = sourcecode.c.objc; path = FMResultSet.m; sourceTree = "<group>"; };
		04E798E2173A6FEA00260820 /* EGORefreshTableHeaderView.h */ = {isa = PBXFileReference; fileEncoding = 4; lastKnownFileType = sourcecode.c.h; path = EGORefreshTableHeaderView.h; sourceTree = "<group>"; };
		04E798E3173A6FEA00260820 /* EGORefreshTableHeaderView.m */ = {isa = PBXFileReference; fileEncoding = 4; lastKnownFileType = sourcecode.c.objc; path = EGORefreshTableHeaderView.m; sourceTree = "<group>"; };
		04E798E5173A6FEA00260820 /* blackArrow.png */ = {isa = PBXFileReference; lastKnownFileType = image.png; path = blackArrow.png; sourceTree = "<group>"; };
		04E798E6173A6FEA00260820 /* blackArrow@2x.png */ = {isa = PBXFileReference; lastKnownFileType = image.png; path = "blackArrow@2x.png"; sourceTree = "<group>"; };
		04E798E7173A6FEA00260820 /* blueArrow.png */ = {isa = PBXFileReference; lastKnownFileType = image.png; path = blueArrow.png; sourceTree = "<group>"; };
		04E798E8173A6FEA00260820 /* blueArrow@2x.png */ = {isa = PBXFileReference; lastKnownFileType = image.png; path = "blueArrow@2x.png"; sourceTree = "<group>"; };
		04E798E9173A6FEA00260820 /* grayArrow.png */ = {isa = PBXFileReference; lastKnownFileType = image.png; path = grayArrow.png; sourceTree = "<group>"; };
		04E798EA173A6FEA00260820 /* grayArrow@2x.png */ = {isa = PBXFileReference; lastKnownFileType = image.png; path = "grayArrow@2x.png"; sourceTree = "<group>"; };
		04E798EB173A6FEA00260820 /* whiteArrow.png */ = {isa = PBXFileReference; lastKnownFileType = image.png; path = whiteArrow.png; sourceTree = "<group>"; };
		04E798EC173A6FEA00260820 /* whiteArrow@2x.png */ = {isa = PBXFileReference; lastKnownFileType = image.png; path = "whiteArrow@2x.png"; sourceTree = "<group>"; };
		04EB0CF11737FA6800688D30 /* MobileCoreServices.framework */ = {isa = PBXFileReference; lastKnownFileType = wrapper.framework; name = MobileCoreServices.framework; path = System/Library/Frameworks/MobileCoreServices.framework; sourceTree = SDKROOT; };
		04EB0CF51738093500688D30 /* JSONKit.h */ = {isa = PBXFileReference; fileEncoding = 4; lastKnownFileType = sourcecode.c.h; path = JSONKit.h; sourceTree = "<group>"; };
		04EB0CF61738093500688D30 /* JSONKit.m */ = {isa = PBXFileReference; fileEncoding = 4; lastKnownFileType = sourcecode.c.objc; path = JSONKit.m; sourceTree = "<group>"; };
		04EB0CF81738093500688D30 /* SinaWeibo.bundle */ = {isa = PBXFileReference; lastKnownFileType = "wrapper.plug-in"; path = SinaWeibo.bundle; sourceTree = "<group>"; };
		04EB0CF91738093500688D30 /* SinaWeibo.h */ = {isa = PBXFileReference; fileEncoding = 4; lastKnownFileType = sourcecode.c.h; path = SinaWeibo.h; sourceTree = "<group>"; };
		04EB0CFA1738093500688D30 /* SinaWeibo.m */ = {isa = PBXFileReference; fileEncoding = 4; lastKnownFileType = sourcecode.c.objc; path = SinaWeibo.m; sourceTree = "<group>"; };
		04EB0CFB1738093500688D30 /* SinaWeiboAuthorizeView.h */ = {isa = PBXFileReference; fileEncoding = 4; lastKnownFileType = sourcecode.c.h; path = SinaWeiboAuthorizeView.h; sourceTree = "<group>"; };
		04EB0CFC1738093500688D30 /* SinaWeiboAuthorizeView.m */ = {isa = PBXFileReference; fileEncoding = 4; lastKnownFileType = sourcecode.c.objc; path = SinaWeiboAuthorizeView.m; sourceTree = "<group>"; };
		04EB0CFD1738093500688D30 /* SinaWeiboConstants.h */ = {isa = PBXFileReference; fileEncoding = 4; lastKnownFileType = sourcecode.c.h; path = SinaWeiboConstants.h; sourceTree = "<group>"; };
		04EB0CFE1738093500688D30 /* SinaWeiboRequest.h */ = {isa = PBXFileReference; fileEncoding = 4; lastKnownFileType = sourcecode.c.h; path = SinaWeiboRequest.h; sourceTree = "<group>"; };
		04EB0CFF1738093500688D30 /* SinaWeiboRequest.m */ = {isa = PBXFileReference; fileEncoding = 4; lastKnownFileType = sourcecode.c.objc; path = SinaWeiboRequest.m; sourceTree = "<group>"; };
		04EBBDFB17361AE10075A715 /* sub.png */ = {isa = PBXFileReference; lastKnownFileType = image.png; path = sub.png; sourceTree = "<group>"; };
		04EBBDFD173628E60075A715 /* QuartzCore.framework */ = {isa = PBXFileReference; lastKnownFileType = wrapper.framework; name = QuartzCore.framework; path = System/Library/Frameworks/QuartzCore.framework; sourceTree = SDKROOT; };
/* End PBXFileReference section */

/* Begin PBXFrameworksBuildPhase section */
		047972411734DC5400A8400A /* Frameworks */ = {
			isa = PBXFrameworksBuildPhase;
			buildActionMask = 2147483647;
			files = (
				0486A74D173BA2FD005D8B6D /* libsqlite3.dylib in Frameworks */,
				0407CAC8173A0FCF0007812A /* CFNetwork.framework in Frameworks */,
				0407CAC6173A0FCA0007812A /* libz.1.2.5.dylib in Frameworks */,
				0407CAC4173A0FC50007812A /* SystemConfiguration.framework in Frameworks */,
				04EB0CF21737FA6800688D30 /* MobileCoreServices.framework in Frameworks */,
				04EBBDFE173628E60075A715 /* QuartzCore.framework in Frameworks */,
				047972481734DC5400A8400A /* UIKit.framework in Frameworks */,
				0479724A1734DC5400A8400A /* Foundation.framework in Frameworks */,
				0479724C1734DC5400A8400A /* CoreGraphics.framework in Frameworks */,
			);
			runOnlyForDeploymentPostprocessing = 0;
		};
/* End PBXFrameworksBuildPhase section */

/* Begin PBXGroup section */
		0407CAA3173A0FB80007812A /* ASIHttpRequst */ = {
			isa = PBXGroup;
			children = (
				0407CAA4173A0FB80007812A /* ASIAuthenticationDialog.h */,
				0407CAA5173A0FB80007812A /* ASIAuthenticationDialog.m */,
				0407CAA6173A0FB80007812A /* ASICacheDelegate.h */,
				0407CAA7173A0FB80007812A /* ASIDataCompressor.h */,
				0407CAA8173A0FB80007812A /* ASIDataCompressor.m */,
				0407CAA9173A0FB80007812A /* ASIDataDecompressor.h */,
				0407CAAA173A0FB80007812A /* ASIDataDecompressor.m */,
				0407CAAB173A0FB80007812A /* ASIDownloadCache.h */,
				0407CAAC173A0FB80007812A /* ASIDownloadCache.m */,
				0407CAAD173A0FB80007812A /* ASIFormDataRequest.h */,
				0407CAAE173A0FB80007812A /* ASIFormDataRequest.m */,
				0407CAAF173A0FB80007812A /* ASIHTTPRequest.h */,
				0407CAB0173A0FB80007812A /* ASIHTTPRequest.m */,
				0407CAB1173A0FB80007812A /* ASIHTTPRequestConfig.h */,
				0407CAB2173A0FB80007812A /* ASIHTTPRequestDelegate.h */,
				0407CAB3173A0FB80007812A /* ASIInputStream.h */,
				0407CAB4173A0FB80007812A /* ASIInputStream.m */,
				0407CAB5173A0FB80007812A /* ASINetworkQueue.h */,
				0407CAB6173A0FB80007812A /* ASINetworkQueue.m */,
				0407CAB7173A0FB80007812A /* ASIProgressDelegate.h */,
				0407CAB8173A0FB80007812A /* Reachability.h */,
				0407CAB9173A0FB80007812A /* Reachability.m */,
			);
			path = ASIHttpRequst;
			sourceTree = "<group>";
		};
		0479723B1734DC5400A8400A = {
			isa = PBXGroup;
			children = (
				0407CA81173A0E510007812A /* updateInfo */,
				0479724D1734DC5400A8400A /* WeiboTest */,
				047972461734DC5400A8400A /* Frameworks */,
				047972451734DC5400A8400A /* Products */,
			);
			sourceTree = "<group>";
		};
		047972451734DC5400A8400A /* Products */ = {
			isa = PBXGroup;
			children = (
				047972441734DC5400A8400A /* WeiboTest.app */,
			);
			name = Products;
			sourceTree = "<group>";
		};
		047972461734DC5400A8400A /* Frameworks */ = {
			isa = PBXGroup;
			children = (
				0486A74C173BA2FD005D8B6D /* libsqlite3.dylib */,
				0407CAC7173A0FCF0007812A /* CFNetwork.framework */,
				0407CAC5173A0FCA0007812A /* libz.1.2.5.dylib */,
				0407CAC3173A0FC50007812A /* SystemConfiguration.framework */,
				04EB0CF11737FA6800688D30 /* MobileCoreServices.framework */,
				04EBBDFD173628E60075A715 /* QuartzCore.framework */,
				047972471734DC5400A8400A /* UIKit.framework */,
				047972491734DC5400A8400A /* Foundation.framework */,
				0479724B1734DC5400A8400A /* CoreGraphics.framework */,
			);
			name = Frameworks;
			sourceTree = "<group>";
		};
		0479724D1734DC5400A8400A /* WeiboTest */ = {
			isa = PBXGroup;
			children = (
				04D0775A173CFD4500939E0C /* Hash */,
				04E31654173C9624005FEF79 /* FMDB */,
				04E798DF173A6FEA00260820 /* EGOTableViewPullRefresh */,
				0407CAA3173A0FB80007812A /* ASIHttpRequst */,
				04EB0CF31738093500688D30 /* sinaweibo_ios_sdk */,
				04EBBDFA173612930075A715 /* Img */,
				04EBBDD21735F5740075A715 /* Xib */,
				0479724E1734DC5400A8400A /* Supporting Files */,
				047972861734DEC500A8400A /* SNAppDelegate.h */,
				047972871734DEC500A8400A /* SNAppDelegate.m */,
				0471F6F817353A2500C13F19 /* WeiboCell.h */,
				0471F6F917353A2500C13F19 /* WeiboCell.m */,
				04DD4A4017368B7F0087A231 /* WeiboStatus.h */,
				04DD4A4117368B7F0087A231 /* WeiboStatus.m */,
				0486A74E173BA340005D8B6D /* DatabaseManager.h */,
				0486A74F173BA340005D8B6D /* DatabaseManager.m */,
				04DD4A4617369B120087A231 /* MainViewController.h */,
				04DD4A4717369B130087A231 /* MainViewController.m */,
				04DD4A4917369B400087A231 /* CategoryViewController.h */,
				04DD4A4A17369B400087A231 /* CategoryViewController.m */,
				04DD4A4C17369B5D0087A231 /* DisplayViewController.h */,
				04DD4A4D17369B5D0087A231 /* DisplayViewController.m */,
				044EF1D2173AC00500FE3FF9 /* PostViewController.h */,
				044EF1D3173AC00500FE3FF9 /* PostViewController.m */,
			);
			path = WeiboTest;
			sourceTree = "<group>";
		};
		0479724E1734DC5400A8400A /* Supporting Files */ = {
			isa = PBXGroup;
			children = (
				0479724F1734DC5400A8400A /* WeiboTest-Info.plist */,
				047972501734DC5400A8400A /* InfoPlist.strings */,
				047972531734DC5400A8400A /* main.m */,
				047972551734DC5400A8400A /* WeiboTest-Prefix.pch */,
				047972591734DC5500A8400A /* Default.png */,
				0479725B1734DC5500A8400A /* Default@2x.png */,
				0479725D1734DC5500A8400A /* Default-568h@2x.png */,
			);
			name = "Supporting Files";
			sourceTree = "<group>";
		};
		04D0775A173CFD4500939E0C /* Hash */ = {
			isa = PBXGroup;
			children = (
				04D0775B173CFD4500939E0C /* NSString+Hashing.h */,
				04D0775C173CFD4500939E0C /* NSString+Hashing.m */,
			);
			path = Hash;
			sourceTree = "<group>";
		};
		04E31654173C9624005FEF79 /* FMDB */ = {
			isa = PBXGroup;
			children = (
				04E31655173C9624005FEF79 /* FMDatabase.h */,
				04E31656173C9624005FEF79 /* FMDatabase.m */,
				04E31657173C9624005FEF79 /* FMDatabaseAdditions.h */,
				04E31658173C9624005FEF79 /* FMDatabaseAdditions.m */,
				04E31659173C9624005FEF79 /* FMDatabasePool.h */,
				04E3165A173C9624005FEF79 /* FMDatabasePool.m */,
				04E3165B173C9624005FEF79 /* FMDatabaseQueue.h */,
				04E3165C173C9624005FEF79 /* FMDatabaseQueue.m */,
				04E3165D173C9624005FEF79 /* FMResultSet.h */,
				04E3165E173C9624005FEF79 /* FMResultSet.m */,
			);
			path = FMDB;
			sourceTree = "<group>";
		};
		04E798DF173A6FEA00260820 /* EGOTableViewPullRefresh */ = {
			isa = PBXGroup;
			children = (
				04E798E0173A6FEA00260820 /* Classes */,
				04E798E4173A6FEA00260820 /* Resources */,
			);
			path = EGOTableViewPullRefresh;
			sourceTree = "<group>";
		};
		04E798E0173A6FEA00260820 /* Classes */ = {
			isa = PBXGroup;
			children = (
				04E798E1173A6FEA00260820 /* View */,
			);
			path = Classes;
			sourceTree = "<group>";
		};
		04E798E1173A6FEA00260820 /* View */ = {
			isa = PBXGroup;
			children = (
				04E798E2173A6FEA00260820 /* EGORefreshTableHeaderView.h */,
				04E798E3173A6FEA00260820 /* EGORefreshTableHeaderView.m */,
			);
			path = View;
			sourceTree = "<group>";
		};
		04E798E4173A6FEA00260820 /* Resources */ = {
			isa = PBXGroup;
			children = (
				04E798E5173A6FEA00260820 /* blackArrow.png */,
				04E798E6173A6FEA00260820 /* blackArrow@2x.png */,
				04E798E7173A6FEA00260820 /* blueArrow.png */,
				04E798E8173A6FEA00260820 /* blueArrow@2x.png */,
				04E798E9173A6FEA00260820 /* grayArrow.png */,
				04E798EA173A6FEA00260820 /* grayArrow@2x.png */,
				04E798EB173A6FEA00260820 /* whiteArrow.png */,
				04E798EC173A6FEA00260820 /* whiteArrow@2x.png */,
			);
			path = Resources;
			sourceTree = "<group>";
		};
		04EB0CF31738093500688D30 /* sinaweibo_ios_sdk */ = {
			isa = PBXGroup;
			children = (
				04EB0CF41738093500688D30 /* JSONKit */,
				04EB0CF71738093500688D30 /* SinaWeibo */,
			);
			path = sinaweibo_ios_sdk;
			sourceTree = "<group>";
		};
		04EB0CF41738093500688D30 /* JSONKit */ = {
			isa = PBXGroup;
			children = (
				04EB0CF51738093500688D30 /* JSONKit.h */,
				04EB0CF61738093500688D30 /* JSONKit.m */,
			);
			path = JSONKit;
			sourceTree = "<group>";
		};
		04EB0CF71738093500688D30 /* SinaWeibo */ = {
			isa = PBXGroup;
			children = (
				04EB0CF81738093500688D30 /* SinaWeibo.bundle */,
				04EB0CF91738093500688D30 /* SinaWeibo.h */,
				04EB0CFA1738093500688D30 /* SinaWeibo.m */,
				04EB0CFB1738093500688D30 /* SinaWeiboAuthorizeView.h */,
				04EB0CFC1738093500688D30 /* SinaWeiboAuthorizeView.m */,
				04EB0CFD1738093500688D30 /* SinaWeiboConstants.h */,
				04EB0CFE1738093500688D30 /* SinaWeiboRequest.h */,
				04EB0CFF1738093500688D30 /* SinaWeiboRequest.m */,
			);
			path = SinaWeibo;
			sourceTree = "<group>";
		};
		04EBBDD21735F5740075A715 /* Xib */ = {
			isa = PBXGroup;
			children = (
				0471F6F3173531B000C13F19 /* headView.xib */,
			);
			name = Xib;
			sourceTree = "<group>";
		};
		04EBBDFA173612930075A715 /* Img */ = {
			isa = PBXGroup;
			children = (
				04D0775E173D0D9100939E0C /* at.png */,
				04D0775F173D0D9100939E0C /* comment.png */,
				04D07760173D0D9200939E0C /* favourite.png */,
				04D07761173D0D9200939E0C /* home.png */,
				04D0C8CA1737444500CA7057 /* headphoto.png */,
				04D0C8C8173742C900CA7057 /* edit.png */,
				04DD4A3E1736876D0087A231 /* fenge.png */,
				04EBBDFB17361AE10075A715 /* sub.png */,
			);
			name = Img;
			sourceTree = "<group>";
		};
/* End PBXGroup section */

/* Begin PBXNativeTarget section */
		047972431734DC5400A8400A /* WeiboTest */ = {
			isa = PBXNativeTarget;
			buildConfigurationList = 047972611734DC5500A8400A /* Build configuration list for PBXNativeTarget "WeiboTest" */;
			buildPhases = (
				047972401734DC5400A8400A /* Sources */,
				047972411734DC5400A8400A /* Frameworks */,
				047972421734DC5400A8400A /* Resources */,
			);
			buildRules = (
			);
			dependencies = (
			);
			name = WeiboTest;
			productName = WeiboTest;
			productReference = 047972441734DC5400A8400A /* WeiboTest.app */;
			productType = "com.apple.product-type.application";
		};
/* End PBXNativeTarget section */

/* Begin PBXProject section */
		0479723C1734DC5400A8400A /* Project object */ = {
			isa = PBXProject;
			attributes = {
				LastUpgradeCheck = 0460;
				ORGANIZATIONNAME = lucas;
			};
			buildConfigurationList = 0479723F1734DC5400A8400A /* Build configuration list for PBXProject "WeiboTest" */;
			compatibilityVersion = "Xcode 3.2";
			developmentRegion = English;
			hasScannedForEncodings = 0;
			knownRegions = (
				en,
			);
			mainGroup = 0479723B1734DC5400A8400A;
			productRefGroup = 047972451734DC5400A8400A /* Products */;
			projectDirPath = "";
			projectRoot = "";
			targets = (
				047972431734DC5400A8400A /* WeiboTest */,
			);
		};
/* End PBXProject section */

/* Begin PBXResourcesBuildPhase section */
		047972421734DC5400A8400A /* Resources */ = {
			isa = PBXResourcesBuildPhase;
			buildActionMask = 2147483647;
			files = (
				047972521734DC5400A8400A /* InfoPlist.strings in Resources */,
				0479725A1734DC5500A8400A /* Default.png in Resources */,
				0479725C1734DC5500A8400A /* Default@2x.png in Resources */,
				0479725E1734DC5500A8400A /* Default-568h@2x.png in Resources */,
				0471F6F4173531B000C13F19 /* headView.xib in Resources */,
				04EBBDFC17361AE10075A715 /* sub.png in Resources */,
				04DD4A3F1736876D0087A231 /* fenge.png in Resources */,
				04D0C8C9173742C900CA7057 /* edit.png in Resources */,
				04D0C8CB1737444500CA7057 /* headphoto.png in Resources */,
				04EB0D011738093500688D30 /* SinaWeibo.bundle in Resources */,
				0407CA82173A0E510007812A /* updateInfo in Resources */,
				04E798EE173A6FEA00260820 /* blackArrow.png in Resources */,
				04E798EF173A6FEA00260820 /* blackArrow@2x.png in Resources */,
				04E798F0173A6FEA00260820 /* blueArrow.png in Resources */,
				04E798F1173A6FEA00260820 /* blueArrow@2x.png in Resources */,
				04E798F2173A6FEA00260820 /* grayArrow.png in Resources */,
				04E798F3173A6FEA00260820 /* grayArrow@2x.png in Resources */,
				04E798F4173A6FEA00260820 /* whiteArrow.png in Resources */,
				04E798F5173A6FEA00260820 /* whiteArrow@2x.png in Resources */,
				04D07762173D0D9300939E0C /* at.png in Resources */,
				04D07763173D0D9300939E0C /* comment.png in Resources */,
				04D07764173D0D9300939E0C /* favourite.png in Resources */,
				04D07765173D0D9300939E0C /* home.png in Resources */,
			);
			runOnlyForDeploymentPostprocessing = 0;
		};
/* End PBXResourcesBuildPhase section */

/* Begin PBXSourcesBuildPhase section */
		047972401734DC5400A8400A /* Sources */ = {
			isa = PBXSourcesBuildPhase;
			buildActionMask = 2147483647;
			files = (
				047972541734DC5400A8400A /* main.m in Sources */,
				047972881734DEC500A8400A /* SNAppDelegate.m in Sources */,
				0471F6FA17353A2500C13F19 /* WeiboCell.m in Sources */,
				04DD4A4217368B7F0087A231 /* WeiboStatus.m in Sources */,
				04DD4A4817369B130087A231 /* MainViewController.m in Sources */,
				04DD4A4B17369B400087A231 /* CategoryViewController.m in Sources */,
				04DD4A4E17369B5D0087A231 /* DisplayViewController.m in Sources */,
				04EB0D001738093500688D30 /* JSONKit.m in Sources */,
				04EB0D021738093500688D30 /* SinaWeibo.m in Sources */,
				04EB0D031738093500688D30 /* SinaWeiboAuthorizeView.m in Sources */,
				04EB0D041738093500688D30 /* SinaWeiboRequest.m in Sources */,
				0407CABA173A0FB80007812A /* ASIAuthenticationDialog.m in Sources */,
				0407CABB173A0FB80007812A /* ASIDataCompressor.m in Sources */,
				0407CABC173A0FB80007812A /* ASIDataDecompressor.m in Sources */,
				0407CABD173A0FB80007812A /* ASIDownloadCache.m in Sources */,
				0407CABE173A0FB80007812A /* ASIFormDataRequest.m in Sources */,
				0407CABF173A0FB80007812A /* ASIHTTPRequest.m in Sources */,
				0407CAC0173A0FB80007812A /* ASIInputStream.m in Sources */,
				0407CAC1173A0FB80007812A /* ASINetworkQueue.m in Sources */,
				0407CAC2173A0FB80007812A /* Reachability.m in Sources */,
				04E798ED173A6FEA00260820 /* EGORefreshTableHeaderView.m in Sources */,
				044EF1D4173AC00500FE3FF9 /* PostViewController.m in Sources */,
				0486A750173BA340005D8B6D /* DatabaseManager.m in Sources */,
				04E3165F173C9624005FEF79 /* FMDatabase.m in Sources */,
				04E31660173C9624005FEF79 /* FMDatabaseAdditions.m in Sources */,
				04E31661173C9624005FEF79 /* FMDatabasePool.m in Sources */,
				04E31662173C9624005FEF79 /* FMDatabaseQueue.m in Sources */,
				04E31663173C9624005FEF79 /* FMResultSet.m in Sources */,
				04D0775D173CFD4500939E0C /* NSString+Hashing.m in Sources */,
			);
			runOnlyForDeploymentPostprocessing = 0;
		};
/* End PBXSourcesBuildPhase section */

/* Begin PBXVariantGroup section */
		047972501734DC5400A8400A /* InfoPlist.strings */ = {
			isa = PBXVariantGroup;
			children = (
				047972511734DC5400A8400A /* en */,
			);
			name = InfoPlist.strings;
			sourceTree = "<group>";
		};
/* End PBXVariantGroup section */

/* Begin XCBuildConfiguration section */
		0479725F1734DC5500A8400A /* Debug */ = {
			isa = XCBuildConfiguration;
			buildSettings = {
				ALWAYS_SEARCH_USER_PATHS = NO;
				CLANG_CXX_LANGUAGE_STANDARD = "gnu++0x";
				CLANG_CXX_LIBRARY = "libc++";
				CLANG_WARN_CONSTANT_CONVERSION = YES;
				CLANG_WARN_EMPTY_BODY = YES;
				CLANG_WARN_ENUM_CONVERSION = YES;
				CLANG_WARN_INT_CONVERSION = YES;
				CLANG_WARN__DUPLICATE_METHOD_MATCH = YES;
				"CODE_SIGN_IDENTITY[sdk=iphoneos*]" = "iPhone Developer";
				COPY_PHASE_STRIP = NO;
				GCC_C_LANGUAGE_STANDARD = gnu99;
				GCC_DYNAMIC_NO_PIC = NO;
				GCC_OPTIMIZATION_LEVEL = 0;
				GCC_PREPROCESSOR_DEFINITIONS = (
					"DEBUG=1",
					"$(inherited)",
				);
				GCC_SYMBOLS_PRIVATE_EXTERN = NO;
				GCC_WARN_ABOUT_RETURN_TYPE = YES;
				GCC_WARN_UNINITIALIZED_AUTOS = YES;
				GCC_WARN_UNUSED_VARIABLE = YES;
				IPHONEOS_DEPLOYMENT_TARGET = 6.1;
				ONLY_ACTIVE_ARCH = YES;
				SDKROOT = iphoneos;
			};
			name = Debug;
		};
		047972601734DC5500A8400A /* Release */ = {
			isa = XCBuildConfiguration;
			buildSettings = {
				ALWAYS_SEARCH_USER_PATHS = NO;
				CLANG_CXX_LANGUAGE_STANDARD = "gnu++0x";
				CLANG_CXX_LIBRARY = "libc++";
				CLANG_WARN_CONSTANT_CONVERSION = YES;
				CLANG_WARN_EMPTY_BODY = YES;
				CLANG_WARN_ENUM_CONVERSION = YES;
				CLANG_WARN_INT_CONVERSION = YES;
				CLANG_WARN__DUPLICATE_METHOD_MATCH = YES;
				"CODE_SIGN_IDENTITY[sdk=iphoneos*]" = "iPhone Developer";
				COPY_PHASE_STRIP = YES;
				GCC_C_LANGUAGE_STANDARD = gnu99;
				GCC_WARN_ABOUT_RETURN_TYPE = YES;
				GCC_WARN_UNINITIALIZED_AUTOS = YES;
				GCC_WARN_UNUSED_VARIABLE = YES;
				IPHONEOS_DEPLOYMENT_TARGET = 6.1;
				OTHER_CFLAGS = "-DNS_BLOCK_ASSERTIONS=1";
				SDKROOT = iphoneos;
				VALIDATE_PRODUCT = YES;
			};
			name = Release;
		};
		047972621734DC5500A8400A /* Debug */ = {
			isa = XCBuildConfiguration;
			buildSettings = {
				GCC_PRECOMPILE_PREFIX_HEADER = YES;
				GCC_PREFIX_HEADER = "WeiboTest/WeiboTest-Prefix.pch";
				INFOPLIST_FILE = "WeiboTest/WeiboTest-Info.plist";
				PRODUCT_NAME = "$(TARGET_NAME)";
				WRAPPER_EXTENSION = app;
			};
			name = Debug;
		};
		047972631734DC5500A8400A /* Release */ = {
			isa = XCBuildConfiguration;
			buildSettings = {
				GCC_PRECOMPILE_PREFIX_HEADER = YES;
				GCC_PREFIX_HEADER = "WeiboTest/WeiboTest-Prefix.pch";
				INFOPLIST_FILE = "WeiboTest/WeiboTest-Info.plist";
				PRODUCT_NAME = "$(TARGET_NAME)";
				WRAPPER_EXTENSION = app;
			};
			name = Release;
		};
/* End XCBuildConfiguration section */

/* Begin XCConfigurationList section */
		0479723F1734DC5400A8400A /* Build configuration list for PBXProject "WeiboTest" */ = {
			isa = XCConfigurationList;
			buildConfigurations = (
				0479725F1734DC5500A8400A /* Debug */,
				047972601734DC5500A8400A /* Release */,
			);
			defaultConfigurationIsVisible = 0;
			defaultConfigurationName = Release;
		};
		047972611734DC5500A8400A /* Build configuration list for PBXNativeTarget "WeiboTest" */ = {
			isa = XCConfigurationList;
			buildConfigurations = (
				047972621734DC5500A8400A /* Debug */,
				047972631734DC5500A8400A /* Release */,
			);
			defaultConfigurationIsVisible = 0;
			defaultConfigurationName = Release;
		};
/* End XCConfigurationList section */
	};
	rootObject = 0479723C1734DC5400A8400A /* Project object */;
}
